
Microsoft Visual Studio Solution File, Format Version 12.00
# Visual Studio 2013
VisualStudioVersion = 12.0.21005.1
MinimumVisualStudioVersion = 10.0.40219.1
Project("{FAE04EC0-301F-11D3-BF4B-00C04F79EFBC}") = "FizzBuzzPlusApp", "FizzBuzzPlusApp\FizzBuzzPlusApp.csproj", "{2D9F5149-E0B8-4438-A4C8-2A451E84259B}"
EndProject
Project("{FAE04EC0-301F-11D3-BF4B-00C04F79EFBC}") = "FizzBuzzPlusTest", "FizzBuzzPlusTest\FizzBuzzPlusTest.csproj", "{D30B373F-660D-4AC1-AE18-5602B191B5CC}"
EndProject
Global
	GlobalSection(SolutionConfigurationPlatforms) = preSolution
		Debug|Any CPU = Debug|Any CPU
		Release|Any CPU = Release|Any CPU
	EndGlobalSection
	GlobalSection(ProjectConfigurationPlatforms) = postSolution
		{2D9F5149-E0B8-4438-A4C8-2A451E84259B}.Debug|Any CPU.ActiveCfg = Debug|Any CPU
		{2D9F5149-E0B8-4438-A4C8-2A451E84259B}.Debug|Any CPU.Build.0 = Debug|Any CPU
		{2D9F5149-E0B8-4438-A4C8-2A451E84259B}.Release|Any CPU.ActiveCfg = Release|Any CPU
		{2D9F5149-E0B8-4438-A4C8-2A451E84259B}.Release|Any CPU.Build.0 = Release|Any CPU
		{D30B373F-660D-4AC1-AE18-5602B191B5CC}.Debug|Any CPU.ActiveCfg = Debug|Any CPU
		{D30B373F-660D-4AC1-AE18-5602B191B5CC}.Debug|Any CPU.Build.0 = Debug|Any CPU
		{D30B373F-660D-4AC1-AE18-5602B191B5CC}.Release|Any CPU.ActiveCfg = Release|Any CPU
		{D30B373F-660D-4AC1-AE18-5602B191B5CC}.Release|Any CPU.Build.0 = Release|Any CPU
	EndGlobalSection
	GlobalSection(SolutionProperties) = preSolution
		HideSolutionNode = FALSE
	EndGlobalSection
EndGlobal
