
Microsoft Visual Studio Solution File, Format Version 12.00
# Visual Studio 2013
VisualStudioVersion = 12.0.21005.1
MinimumVisualStudioVersion = 10.0.40219.1
Project("{FAE04EC0-301F-11D3-BF4B-00C04F79EFBC}") = "FizzBuzzApp", "FizzBuzzApp\FizzBuzzApp.csproj", "{AC7595B3-F943-415E-8F4F-99AB62F271FD}"
EndProject
Project("{FAE04EC0-301F-11D3-BF4B-00C04F79EFBC}") = "FizzBuzzTest", "FizzBuzzTest\FizzBuzzTest.csproj", "{42EF36A6-D826-4168-BB4D-22147AFC27F4}"
EndProject
Global
	GlobalSection(SolutionConfigurationPlatforms) = preSolution
		Debug|Any CPU = Debug|Any CPU
		Release|Any CPU = Release|Any CPU
	EndGlobalSection
	GlobalSection(ProjectConfigurationPlatforms) = postSolution
		{AC7595B3-F943-415E-8F4F-99AB62F271FD}.Debug|Any CPU.ActiveCfg = Debug|Any CPU
		{AC7595B3-F943-415E-8F4F-99AB62F271FD}.Debug|Any CPU.Build.0 = Debug|Any CPU
		{AC7595B3-F943-415E-8F4F-99AB62F271FD}.Release|Any CPU.ActiveCfg = Release|Any CPU
		{AC7595B3-F943-415E-8F4F-99AB62F271FD}.Release|Any CPU.Build.0 = Release|Any CPU
		{42EF36A6-D826-4168-BB4D-22147AFC27F4}.Debug|Any CPU.ActiveCfg = Debug|Any CPU
		{42EF36A6-D826-4168-BB4D-22147AFC27F4}.Debug|Any CPU.Build.0 = Debug|Any CPU
		{42EF36A6-D826-4168-BB4D-22147AFC27F4}.Release|Any CPU.ActiveCfg = Release|Any CPU
		{42EF36A6-D826-4168-BB4D-22147AFC27F4}.Release|Any CPU.Build.0 = Release|Any CPU
	EndGlobalSection
	GlobalSection(SolutionProperties) = preSolution
		HideSolutionNode = FALSE
	EndGlobalSection
EndGlobal
